
Microsoft Visual Studio Solution File, Format Version 12.00
# Visual Studio 2013
VisualStudioVersion = 12.0.21005.1
MinimumVisualStudioVersion = 10.0.40219.1
Project("{FAE04EC0-301F-11D3-BF4B-00C04F79EFBC}") = "Project", "Project\Project.csproj", "{D7E4E42A-78BE-4719-B961-9DDFD6A971E5}"
EndProject
Project("{FAE04EC0-301F-11D3-BF4B-00C04F79EFBC}") = "ClassLibrary2", "ClassLibrary2\ClassLibrary2.csproj", "{69A694BB-BB53-41DE-AFE7-116652DB3960}"
EndProject
Global
	GlobalSection(SolutionConfigurationPlatforms) = preSolution
		Debug|Any CPU = Debug|Any CPU
		Debug|ARM = Debug|ARM
		Debug|x64 = Debug|x64
		Debug|x86 = Debug|x86
		Release|Any CPU = Release|Any CPU
		Release|ARM = Release|ARM
		Release|x64 = Release|x64
		Release|x86 = Release|x86
	EndGlobalSection
	GlobalSection(ProjectConfigurationPlatforms) = postSolution
		{D7E4E42A-78BE-4719-B961-9DDFD6A971E5}.Debug|Any CPU.ActiveCfg = Debug|Any CPU
		{D7E4E42A-78BE-4719-B961-9DDFD6A971E5}.Debug|Any CPU.Build.0 = Debug|Any CPU
		{D7E4E42A-78BE-4719-B961-9DDFD6A971E5}.Debug|ARM.ActiveCfg = Debug|Any CPU
		{D7E4E42A-78BE-4719-B961-9DDFD6A971E5}.Debug|x64.ActiveCfg = Debug|Any CPU
		{D7E4E42A-78BE-4719-B961-9DDFD6A971E5}.Debug|x86.ActiveCfg = Debug|Any CPU
		{D7E4E42A-78BE-4719-B961-9DDFD6A971E5}.Release|Any CPU.ActiveCfg = Release|Any CPU
		{D7E4E42A-78BE-4719-B961-9DDFD6A971E5}.Release|Any CPU.Build.0 = Release|Any CPU
		{D7E4E42A-78BE-4719-B961-9DDFD6A971E5}.Release|ARM.ActiveCfg = Release|Any CPU
		{D7E4E42A-78BE-4719-B961-9DDFD6A971E5}.Release|x64.ActiveCfg = Release|Any CPU
		{D7E4E42A-78BE-4719-B961-9DDFD6A971E5}.Release|x86.ActiveCfg = Release|Any CPU
		{69A694BB-BB53-41DE-AFE7-116652DB3960}.Debug|Any CPU.ActiveCfg = Debug|Any CPU
		{69A694BB-BB53-41DE-AFE7-116652DB3960}.Debug|Any CPU.Build.0 = Debug|Any CPU
		{69A694BB-BB53-41DE-AFE7-116652DB3960}.Debug|ARM.ActiveCfg = Debug|Any CPU
		{69A694BB-BB53-41DE-AFE7-116652DB3960}.Debug|x64.ActiveCfg = Debug|Any CPU
		{69A694BB-BB53-41DE-AFE7-116652DB3960}.Debug|x86.ActiveCfg = Debug|Any CPU
		{69A694BB-BB53-41DE-AFE7-116652DB3960}.Release|Any CPU.ActiveCfg = Release|Any CPU
		{69A694BB-BB53-41DE-AFE7-116652DB3960}.Release|Any CPU.Build.0 = Release|Any CPU
		{69A694BB-BB53-41DE-AFE7-116652DB3960}.Release|ARM.ActiveCfg = Release|Any CPU
		{69A694BB-BB53-41DE-AFE7-116652DB3960}.Release|x64.ActiveCfg = Release|Any CPU
		{69A694BB-BB53-41DE-AFE7-116652DB3960}.Release|x86.ActiveCfg = Release|Any CPU
	EndGlobalSection
	GlobalSection(SolutionProperties) = preSolution
		HideSolutionNode = FALSE
	EndGlobalSection
EndGlobal
